// !$*UTF8*$!
{
	archiveVersion = 1;
	classes = {
	};
	objectVersion = 46;
	objects = {

/* Begin PBXBuildFile section */
		9FF1DCD11E3F186B00F013F2 /* XtrHBIO.c in Sources */ = {isa = PBXBuildFile; fileRef = 9FF1DCD01E3F186B00F013F2 /* XtrHBIO.c */; };
		9FF1DCD71E3F188000F013F2 /* XtrMumps.c in Sources */ = {isa = PBXBuildFile; fileRef = 9FF1DCD21E3F188000F013F2 /* XtrMumps.c */; };
		9FF1DCD81E3F188000F013F2 /* XtrPardiso.c in Sources */ = {isa = PBXBuildFile; fileRef = 9FF1DCD31E3F188000F013F2 /* XtrPardiso.c */; };
		9FF1DCD91E3F188000F013F2 /* XtrSamg.c in Sources */ = {isa = PBXBuildFile; fileRef = 9FF1DCD41E3F188000F013F2 /* XtrSamg.c */; };
		9FF1DCDA1E3F188000F013F2 /* XtrSuperlu.c in Sources */ = {isa = PBXBuildFile; fileRef = 9FF1DCD51E3F188000F013F2 /* XtrSuperlu.c */; };
		9FF1DCDB1E3F188000F013F2 /* XtrUmfpack.c in Sources */ = {isa = PBXBuildFile; fileRef = 9FF1DCD61E3F188000F013F2 /* XtrUmfpack.c */; };
		9FF1DD4B1E3F192900F013F2 /* AuxArray.c in Sources */ = {isa = PBXBuildFile; fileRef = 9FF1DCE91E3F192900F013F2 /* AuxArray.c */; };
		9FF1DD4C1E3F192900F013F2 /* AuxConvert.c in Sources */ = {isa = PBXBuildFile; fileRef = 9FF1DCEA1E3F192900F013F2 /* AuxConvert.c */; };
		9FF1DD4D1E3F192900F013F2 /* AuxGivens.c in Sources */ = {isa = PBXBuildFile; fileRef = 9FF1DCEB1E3F192900F013F2 /* AuxGivens.c */; };
		9FF1DD4E1E3F192900F013F2 /* AuxGraphics.c in Sources */ = {isa = PBXBuildFile; fileRef = 9FF1DCEC1E3F192900F013F2 /* AuxGraphics.c */; };
		9FF1DD4F1E3F192900F013F2 /* AuxInput.c in Sources */ = {isa = PBXBuildFile; fileRef = 9FF1DCED1E3F192900F013F2 /* AuxInput.c */; };
		9FF1DD501E3F192900F013F2 /* AuxMemory.c in Sources */ = {isa = PBXBuildFile; fileRef = 9FF1DCEE1E3F192900F013F2 /* AuxMemory.c */; };
		9FF1DD511E3F192900F013F2 /* AuxMessage.c in Sources */ = {isa = PBXBuildFile; fileRef = 9FF1DCEF1E3F192900F013F2 /* AuxMessage.c */; };
		9FF1DD521E3F192900F013F2 /* AuxParam.c in Sources */ = {isa = PBXBuildFile; fileRef = 9FF1DCF01E3F192900F013F2 /* AuxParam.c */; };
		9FF1DD531E3F192900F013F2 /* AuxSort.c in Sources */ = {isa = PBXBuildFile; fileRef = 9FF1DCF11E3F192900F013F2 /* AuxSort.c */; };
		9FF1DD541E3F192900F013F2 /* AuxThreads.c in Sources */ = {isa = PBXBuildFile; fileRef = 9FF1DCF21E3F192900F013F2 /* AuxThreads.c */; };
		9FF1DD551E3F192900F013F2 /* AuxTiming.c in Sources */ = {isa = PBXBuildFile; fileRef = 9FF1DCF31E3F192900F013F2 /* AuxTiming.c */; };
		9FF1DD561E3F192900F013F2 /* AuxVector.c in Sources */ = {isa = PBXBuildFile; fileRef = 9FF1DCF41E3F192900F013F2 /* AuxVector.c */; };
		9FF1DD571E3F192900F013F2 /* BlaArray.c in Sources */ = {isa = PBXBuildFile; fileRef = 9FF1DCF51E3F192900F013F2 /* BlaArray.c */; };
		9FF1DD581E3F192900F013F2 /* BlaEigen.c in Sources */ = {isa = PBXBuildFile; fileRef = 9FF1DCF61E3F192900F013F2 /* BlaEigen.c */; };
		9FF1DD591E3F192900F013F2 /* BlaFormat.c in Sources */ = {isa = PBXBuildFile; fileRef = 9FF1DCF71E3F192900F013F2 /* BlaFormat.c */; };
		9FF1DD5A1E3F192900F013F2 /* BlaILU.c in Sources */ = {isa = PBXBuildFile; fileRef = 9FF1DCF81E3F192900F013F2 /* BlaILU.c */; };
		9FF1DD5B1E3F192900F013F2 /* BlaILUSetupBSR.c in Sources */ = {isa = PBXBuildFile; fileRef = 9FF1DCF91E3F192900F013F2 /* BlaILUSetupBSR.c */; };
		9FF1DD5C1E3F192900F013F2 /* BlaILUSetupCSR.c in Sources */ = {isa = PBXBuildFile; fileRef = 9FF1DCFA1E3F192900F013F2 /* BlaILUSetupCSR.c */; };
		9FF1DD5D1E3F192900F013F2 /* BlaILUSetupSTR.c in Sources */ = {isa = PBXBuildFile; fileRef = 9FF1DCFB1E3F192900F013F2 /* BlaILUSetupSTR.c */; };
		9FF1DD5E1E3F192900F013F2 /* BlaIO.c in Sources */ = {isa = PBXBuildFile; fileRef = 9FF1DCFC1E3F192900F013F2 /* BlaIO.c */; };
		9FF1DD5F1E3F192900F013F2 /* BlaOrderingCSR.c in Sources */ = {isa = PBXBuildFile; fileRef = 9FF1DCFD1E3F192900F013F2 /* BlaOrderingCSR.c */; };
		9FF1DD601E3F192900F013F2 /* BlaSchwarzSetup.c in Sources */ = {isa = PBXBuildFile; fileRef = 9FF1DCFE1E3F192900F013F2 /* BlaSchwarzSetup.c */; };
		9FF1DD611E3F192900F013F2 /* BlaSmallMat.c in Sources */ = {isa = PBXBuildFile; fileRef = 9FF1DCFF1E3F192900F013F2 /* BlaSmallMat.c */; };
		9FF1DD621E3F192900F013F2 /* BlaSmallMatInv.c in Sources */ = {isa = PBXBuildFile; fileRef = 9FF1DD001E3F192900F013F2 /* BlaSmallMatInv.c */; };
		9FF1DD631E3F192900F013F2 /* BlaSmallMatLU.c in Sources */ = {isa = PBXBuildFile; fileRef = 9FF1DD011E3F192900F013F2 /* BlaSmallMatLU.c */; };
		9FF1DD641E3F192900F013F2 /* BlaSparseBLC.c in Sources */ = {isa = PBXBuildFile; fileRef = 9FF1DD021E3F192900F013F2 /* BlaSparseBLC.c */; };
		9FF1DD651E3F192900F013F2 /* BlaSparseBSR.c in Sources */ = {isa = PBXBuildFile; fileRef = 9FF1DD031E3F192900F013F2 /* BlaSparseBSR.c */; };
		9FF1DD661E3F192900F013F2 /* BlaSparseCheck.c in Sources */ = {isa = PBXBuildFile; fileRef = 9FF1DD041E3F192900F013F2 /* BlaSparseCheck.c */; };
		9FF1DD671E3F192900F013F2 /* BlaSparseCOO.c in Sources */ = {isa = PBXBuildFile; fileRef = 9FF1DD051E3F192900F013F2 /* BlaSparseCOO.c */; };
		9FF1DD681E3F192900F013F2 /* BlaSparseCSR.c in Sources */ = {isa = PBXBuildFile; fileRef = 9FF1DD061E3F192900F013F2 /* BlaSparseCSR.c */; };
		9FF1DD691E3F192900F013F2 /* BlaSparseCSRL.c in Sources */ = {isa = PBXBuildFile; fileRef = 9FF1DD071E3F192900F013F2 /* BlaSparseCSRL.c */; };
		9FF1DD6A1E3F192900F013F2 /* BlaSparseSTR.c in Sources */ = {isa = PBXBuildFile; fileRef = 9FF1DD081E3F192900F013F2 /* BlaSparseSTR.c */; };
		9FF1DD6B1E3F192900F013F2 /* BlaSparseUtil.c in Sources */ = {isa = PBXBuildFile; fileRef = 9FF1DD091E3F192900F013F2 /* BlaSparseUtil.c */; };
		9FF1DD6C1E3F192900F013F2 /* BlaSpmvBLC.c in Sources */ = {isa = PBXBuildFile; fileRef = 9FF1DD0A1E3F192900F013F2 /* BlaSpmvBLC.c */; };
		9FF1DD6D1E3F192900F013F2 /* BlaSpmvBSR.c in Sources */ = {isa = PBXBuildFile; fileRef = 9FF1DD0B1E3F192900F013F2 /* BlaSpmvBSR.c */; };
		9FF1DD6E1E3F192900F013F2 /* BlaSpmvCSR.c in Sources */ = {isa = PBXBuildFile; fileRef = 9FF1DD0C1E3F192900F013F2 /* BlaSpmvCSR.c */; };
		9FF1DD6F1E3F192900F013F2 /* BlaSpmvCSRL.c in Sources */ = {isa = PBXBuildFile; fileRef = 9FF1DD0D1E3F192900F013F2 /* BlaSpmvCSRL.c */; };
		9FF1DD701E3F192900F013F2 /* BlaSpmvSTR.c in Sources */ = {isa = PBXBuildFile; fileRef = 9FF1DD0F1E3F192900F013F2 /* BlaSpmvSTR.c */; };
		9FF1DD711E3F192900F013F2 /* BlaVector.c in Sources */ = {isa = PBXBuildFile; fileRef = 9FF1DD101E3F192900F013F2 /* BlaVector.c */; };
		9FF1DD721E3F192900F013F2 /* ItrSmootherBSR.c in Sources */ = {isa = PBXBuildFile; fileRef = 9FF1DD121E3F192900F013F2 /* ItrSmootherBSR.c */; };
		9FF1DD731E3F192900F013F2 /* ItrSmootherCSR.c in Sources */ = {isa = PBXBuildFile; fileRef = 9FF1DD131E3F192900F013F2 /* ItrSmootherCSR.c */; };
		9FF1DD741E3F192900F013F2 /* ItrSmootherCSRcr.c in Sources */ = {isa = PBXBuildFile; fileRef = 9FF1DD141E3F192900F013F2 /* ItrSmootherCSRcr.c */; };
		9FF1DD751E3F192900F013F2 /* ItrSmootherCSRpoly.c in Sources */ = {isa = PBXBuildFile; fileRef = 9FF1DD151E3F192900F013F2 /* ItrSmootherCSRpoly.c */; };
		9FF1DD761E3F192900F013F2 /* ItrSmootherSTR.c in Sources */ = {isa = PBXBuildFile; fileRef = 9FF1DD161E3F192900F013F2 /* ItrSmootherSTR.c */; };
		9FF1DD771E3F192900F013F2 /* KryPbcgs.c in Sources */ = {isa = PBXBuildFile; fileRef = 9FF1DD171E3F192900F013F2 /* KryPbcgs.c */; };
		9FF1DD781E3F192900F013F2 /* KryPcg.c in Sources */ = {isa = PBXBuildFile; fileRef = 9FF1DD181E3F192900F013F2 /* KryPcg.c */; };
		9FF1DD791E3F192900F013F2 /* KryPgcg.c in Sources */ = {isa = PBXBuildFile; fileRef = 9FF1DD191E3F192900F013F2 /* KryPgcg.c */; };
		9FF1DD7A1E3F192900F013F2 /* KryPgcr.c in Sources */ = {isa = PBXBuildFile; fileRef = 9FF1DD1A1E3F192900F013F2 /* KryPgcr.c */; };
		9FF1DD7B1E3F192900F013F2 /* KryPgmres.c in Sources */ = {isa = PBXBuildFile; fileRef = 9FF1DD1B1E3F192900F013F2 /* KryPgmres.c */; };
		9FF1DD7C1E3F192900F013F2 /* KryPminres.c in Sources */ = {isa = PBXBuildFile; fileRef = 9FF1DD1C1E3F192900F013F2 /* KryPminres.c */; };
		9FF1DD7D1E3F192900F013F2 /* KryPvbcgs.c in Sources */ = {isa = PBXBuildFile; fileRef = 9FF1DD1D1E3F192900F013F2 /* KryPvbcgs.c */; };
		9FF1DD7E1E3F192900F013F2 /* KryPvfgmres.c in Sources */ = {isa = PBXBuildFile; fileRef = 9FF1DD1E1E3F192900F013F2 /* KryPvfgmres.c */; };
		9FF1DD7F1E3F192900F013F2 /* KryPvgmres.c in Sources */ = {isa = PBXBuildFile; fileRef = 9FF1DD1F1E3F192900F013F2 /* KryPvgmres.c */; };
		9FF1DD801E3F192900F013F2 /* KrySPbcgs.c in Sources */ = {isa = PBXBuildFile; fileRef = 9FF1DD201E3F192900F013F2 /* KrySPbcgs.c */; };
		9FF1DD811E3F192900F013F2 /* KrySPcg.c in Sources */ = {isa = PBXBuildFile; fileRef = 9FF1DD211E3F192900F013F2 /* KrySPcg.c */; };
		9FF1DD821E3F192900F013F2 /* KrySPgmres.c in Sources */ = {isa = PBXBuildFile; fileRef = 9FF1DD221E3F192900F013F2 /* KrySPgmres.c */; };
		9FF1DD831E3F192900F013F2 /* KrySPminres.c in Sources */ = {isa = PBXBuildFile; fileRef = 9FF1DD231E3F192900F013F2 /* KrySPminres.c */; };
		9FF1DD841E3F192900F013F2 /* KrySPvgmres.c in Sources */ = {isa = PBXBuildFile; fileRef = 9FF1DD241E3F192900F013F2 /* KrySPvgmres.c */; };
		9FF1DD851E3F192900F013F2 /* PreAMGCoarsenCR.c in Sources */ = {isa = PBXBuildFile; fileRef = 9FF1DD291E3F192900F013F2 /* PreAMGCoarsenCR.c */; };
		9FF1DD861E3F192900F013F2 /* PreAMGCoarsenRS.c in Sources */ = {isa = PBXBuildFile; fileRef = 9FF1DD2A1E3F192900F013F2 /* PreAMGCoarsenRS.c */; };
		9FF1DD871E3F192900F013F2 /* PreAMGInterp.c in Sources */ = {isa = PBXBuildFile; fileRef = 9FF1DD2B1E3F192900F013F2 /* PreAMGInterp.c */; };
		9FF1DD881E3F192900F013F2 /* PreAMGInterpEM.c in Sources */ = {isa = PBXBuildFile; fileRef = 9FF1DD2C1E3F192900F013F2 /* PreAMGInterpEM.c */; };
		9FF1DD891E3F192900F013F2 /* PreAMGSetupCR.c in Sources */ = {isa = PBXBuildFile; fileRef = 9FF1DD2D1E3F192900F013F2 /* PreAMGSetupCR.c */; };
		9FF1DD8A1E3F192900F013F2 /* PreAMGSetupRS.c in Sources */ = {isa = PBXBuildFile; fileRef = 9FF1DD2E1E3F192900F013F2 /* PreAMGSetupRS.c */; };
		9FF1DD8B1E3F192900F013F2 /* PreAMGSetupSA.c in Sources */ = {isa = PBXBuildFile; fileRef = 9FF1DD2F1E3F192900F013F2 /* PreAMGSetupSA.c */; };
		9FF1DD8C1E3F192900F013F2 /* PreAMGSetupSABSR.c in Sources */ = {isa = PBXBuildFile; fileRef = 9FF1DD301E3F192900F013F2 /* PreAMGSetupSABSR.c */; };
		9FF1DD8D1E3F192900F013F2 /* PreAMGSetupUA.c in Sources */ = {isa = PBXBuildFile; fileRef = 9FF1DD311E3F192900F013F2 /* PreAMGSetupUA.c */; };
		9FF1DD8E1E3F192900F013F2 /* PreAMGSetupUABSR.c in Sources */ = {isa = PBXBuildFile; fileRef = 9FF1DD321E3F192900F013F2 /* PreAMGSetupUABSR.c */; };
		9FF1DD8F1E3F192900F013F2 /* PreBLC.c in Sources */ = {isa = PBXBuildFile; fileRef = 9FF1DD341E3F192900F013F2 /* PreBLC.c */; };
		9FF1DD901E3F192900F013F2 /* PreBSR.c in Sources */ = {isa = PBXBuildFile; fileRef = 9FF1DD351E3F192900F013F2 /* PreBSR.c */; };
		9FF1DD911E3F192900F013F2 /* PreCSR.c in Sources */ = {isa = PBXBuildFile; fileRef = 9FF1DD361E3F192900F013F2 /* PreCSR.c */; };
		9FF1DD921E3F192900F013F2 /* PreDataInit.c in Sources */ = {isa = PBXBuildFile; fileRef = 9FF1DD371E3F192900F013F2 /* PreDataInit.c */; };
		9FF1DD931E3F192900F013F2 /* PreMGCycle.c in Sources */ = {isa = PBXBuildFile; fileRef = 9FF1DD391E3F192900F013F2 /* PreMGCycle.c */; };
		9FF1DD941E3F192900F013F2 /* PreMGCycleFull.c in Sources */ = {isa = PBXBuildFile; fileRef = 9FF1DD3A1E3F192900F013F2 /* PreMGCycleFull.c */; };
		9FF1DD951E3F192900F013F2 /* PreMGRecur.c in Sources */ = {isa = PBXBuildFile; fileRef = 9FF1DD3B1E3F192900F013F2 /* PreMGRecur.c */; };
		9FF1DD961E3F192900F013F2 /* PreMGRecurAMLI.c in Sources */ = {isa = PBXBuildFile; fileRef = 9FF1DD3C1E3F192900F013F2 /* PreMGRecurAMLI.c */; };
		9FF1DD971E3F192900F013F2 /* PreMGSolve.c in Sources */ = {isa = PBXBuildFile; fileRef = 9FF1DD3F1E3F192900F013F2 /* PreMGSolve.c */; };
		9FF1DD981E3F192900F013F2 /* PreSTR.c in Sources */ = {isa = PBXBuildFile; fileRef = 9FF1DD411E3F192900F013F2 /* PreSTR.c */; };
		9FF1DD991E3F192900F013F2 /* SolAMG.c in Sources */ = {isa = PBXBuildFile; fileRef = 9FF1DD421E3F192900F013F2 /* SolAMG.c */; };
		9FF1DD9A1E3F192900F013F2 /* SolBLC.c in Sources */ = {isa = PBXBuildFile; fileRef = 9FF1DD431E3F192900F013F2 /* SolBLC.c */; };
		9FF1DD9B1E3F192900F013F2 /* SolBSR.c in Sources */ = {isa = PBXBuildFile; fileRef = 9FF1DD441E3F192900F013F2 /* SolBSR.c */; };
		9FF1DD9C1E3F192900F013F2 /* SolCSR.c in Sources */ = {isa = PBXBuildFile; fileRef = 9FF1DD451E3F192900F013F2 /* SolCSR.c */; };
		9FF1DD9D1E3F192900F013F2 /* SolFAMG.c in Sources */ = {isa = PBXBuildFile; fileRef = 9FF1DD461E3F192900F013F2 /* SolFAMG.c */; };
		9FF1DD9E1E3F192900F013F2 /* SolGMGPoisson.c in Sources */ = {isa = PBXBuildFile; fileRef = 9FF1DD471E3F192900F013F2 /* SolGMGPoisson.c */; };
		9FF1DD9F1E3F192900F013F2 /* SolMatFree.c in Sources */ = {isa = PBXBuildFile; fileRef = 9FF1DD481E3F192900F013F2 /* SolMatFree.c */; };
		9FF1DDA01E3F192900F013F2 /* SolSTR.c in Sources */ = {isa = PBXBuildFile; fileRef = 9FF1DD491E3F192900F013F2 /* SolSTR.c */; };
		9FF1DDA11E3F192900F013F2 /* SolWrapper.c in Sources */ = {isa = PBXBuildFile; fileRef = 9FF1DD4A1E3F192900F013F2 /* SolWrapper.c */; };
		9FF1DDA61E3F2E3900F013F2 /* regression.c in Sources */ = {isa = PBXBuildFile; fileRef = 9FF1DDA51E3F2E3900F013F2 /* regression.c */; };
/* End PBXBuildFile section */

/* Begin PBXCopyFilesBuildPhase section */
		9FF1DCB51E3F13C200F013F2 /* CopyFiles */ = {
			isa = PBXCopyFilesBuildPhase;
			buildActionMask = 2147483647;
			dstPath = /usr/share/man/man1/;
			dstSubfolderSpec = 0;
			files = (
			);
			runOnlyForDeploymentPostprocessing = 1;
		};
/* End PBXCopyFilesBuildPhase section */

/* Begin PBXFileReference section */
		9FF1DCD01E3F186B00F013F2 /* XtrHBIO.c */ = {isa = PBXFileReference; fileEncoding = 4; lastKnownFileType = sourcecode.c.c; name = XtrHBIO.c; path = ../../base/extra/hb_io/XtrHBIO.c; sourceTree = "<group>"; };
		9FF1DCD21E3F188000F013F2 /* XtrMumps.c */ = {isa = PBXFileReference; fileEncoding = 4; lastKnownFileType = sourcecode.c.c; name = XtrMumps.c; path = ../../base/extra/interface/XtrMumps.c; sourceTree = "<group>"; };
		9FF1DCD31E3F188000F013F2 /* XtrPardiso.c */ = {isa = PBXFileReference; fileEncoding = 4; lastKnownFileType = sourcecode.c.c; name = XtrPardiso.c; path = ../../base/extra/interface/XtrPardiso.c; sourceTree = "<group>"; };
		9FF1DCD41E3F188000F013F2 /* XtrSamg.c */ = {isa = PBXFileReference; fileEncoding = 4; lastKnownFileType = sourcecode.c.c; name = XtrSamg.c; path = ../../base/extra/interface/XtrSamg.c; sourceTree = "<group>"; };
		9FF1DCD51E3F188000F013F2 /* XtrSuperlu.c */ = {isa = PBXFileReference; fileEncoding = 4; lastKnownFileType = sourcecode.c.c; name = XtrSuperlu.c; path = ../../base/extra/interface/XtrSuperlu.c; sourceTree = "<group>"; };
		9FF1DCD61E3F188000F013F2 /* XtrUmfpack.c */ = {isa = PBXFileReference; fileEncoding = 4; lastKnownFileType = sourcecode.c.c; name = XtrUmfpack.c; path = ../../base/extra/interface/XtrUmfpack.c; sourceTree = "<group>"; };
		9FF1DCDD1E3F189900F013F2 /* dlmalloc.h */ = {isa = PBXFileReference; fileEncoding = 4; lastKnownFileType = sourcecode.c.h; name = dlmalloc.h; path = ../../base/extra/include/dlmalloc.h; sourceTree = "<group>"; };
		9FF1DCDE1E3F189900F013F2 /* doxygen.h */ = {isa = PBXFileReference; fileEncoding = 4; lastKnownFileType = sourcecode.c.h; name = doxygen.h; path = ../../base/extra/include/doxygen.h; sourceTree = "<group>"; };
		9FF1DCDF1E3F189900F013F2 /* hb_io.h */ = {isa = PBXFileReference; fileEncoding = 4; lastKnownFileType = sourcecode.c.h; name = hb_io.h; path = ../../base/extra/include/hb_io.h; sourceTree = "<group>"; };
		9FF1DCE01E3F189900F013F2 /* malloc.c.h */ = {isa = PBXFileReference; fileEncoding = 4; lastKnownFileType = sourcecode.c.h; name = malloc.c.h; path = ../../base/extra/include/malloc.c.h; sourceTree = "<group>"; };
		9FF1DCE11E3F189900F013F2 /* nedmalloc.h */ = {isa = PBXFileReference; fileEncoding = 4; lastKnownFileType = sourcecode.c.h; name = nedmalloc.h; path = ../../base/extra/include/nedmalloc.h; sourceTree = "<group>"; };
		9FF1DCE41E3F191C00F013F2 /* fasp_block.h */ = {isa = PBXFileReference; fileEncoding = 4; lastKnownFileType = sourcecode.c.h; name = fasp_block.h; path = ../../base/include/fasp_block.h; sourceTree = "<group>"; };
		9FF1DCE51E3F191C00F013F2 /* fasp_const.h */ = {isa = PBXFileReference; fileEncoding = 4; lastKnownFileType = sourcecode.c.h; name = fasp_const.h; path = ../../base/include/fasp_const.h; sourceTree = "<group>"; };
		9FF1DCE61E3F191C00F013F2 /* fasp_functs.h */ = {isa = PBXFileReference; fileEncoding = 4; lastKnownFileType = sourcecode.c.h; name = fasp_functs.h; path = ../../base/include/fasp_functs.h; sourceTree = "<group>"; };
		9FF1DCE71E3F191C00F013F2 /* fasp_grid.h */ = {isa = PBXFileReference; fileEncoding = 4; lastKnownFileType = sourcecode.c.h; name = fasp_grid.h; path = ../../base/include/fasp_grid.h; sourceTree = "<group>"; };
		9FF1DCE81E3F191C00F013F2 /* fasp.h */ = {isa = PBXFileReference; fileEncoding = 4; lastKnownFileType = sourcecode.c.h; name = fasp.h; path = ../../base/include/fasp.h; sourceTree = "<group>"; };
		9FF1DCE91E3F192900F013F2 /* AuxArray.c */ = {isa = PBXFileReference; fileEncoding = 4; lastKnownFileType = sourcecode.c.c; name = AuxArray.c; path = ../../base/src/AuxArray.c; sourceTree = "<group>"; };
		9FF1DCEA1E3F192900F013F2 /* AuxConvert.c */ = {isa = PBXFileReference; fileEncoding = 4; lastKnownFileType = sourcecode.c.c; name = AuxConvert.c; path = ../../base/src/AuxConvert.c; sourceTree = "<group>"; };
		9FF1DCEB1E3F192900F013F2 /* AuxGivens.c */ = {isa = PBXFileReference; fileEncoding = 4; lastKnownFileType = sourcecode.c.c; name = AuxGivens.c; path = ../../base/src/AuxGivens.c; sourceTree = "<group>"; };
		9FF1DCEC1E3F192900F013F2 /* AuxGraphics.c */ = {isa = PBXFileReference; fileEncoding = 4; lastKnownFileType = sourcecode.c.c; name = AuxGraphics.c; path = ../../base/src/AuxGraphics.c; sourceTree = "<group>"; };
		9FF1DCED1E3F192900F013F2 /* AuxInput.c */ = {isa = PBXFileReference; fileEncoding = 4; lastKnownFileType = sourcecode.c.c; name = AuxInput.c; path = ../../base/src/AuxInput.c; sourceTree = "<group>"; };
		9FF1DCEE1E3F192900F013F2 /* AuxMemory.c */ = {isa = PBXFileReference; fileEncoding = 4; lastKnownFileType = sourcecode.c.c; name = AuxMemory.c; path = ../../base/src/AuxMemory.c; sourceTree = "<group>"; };
		9FF1DCEF1E3F192900F013F2 /* AuxMessage.c */ = {isa = PBXFileReference; fileEncoding = 4; lastKnownFileType = sourcecode.c.c; name = AuxMessage.c; path = ../../base/src/AuxMessage.c; sourceTree = "<group>"; };
		9FF1DCF01E3F192900F013F2 /* AuxParam.c */ = {isa = PBXFileReference; fileEncoding = 4; lastKnownFileType = sourcecode.c.c; name = AuxParam.c; path = ../../base/src/AuxParam.c; sourceTree = "<group>"; };
		9FF1DCF11E3F192900F013F2 /* AuxSort.c */ = {isa = PBXFileReference; fileEncoding = 4; lastKnownFileType = sourcecode.c.c; name = AuxSort.c; path = ../../base/src/AuxSort.c; sourceTree = "<group>"; };
		9FF1DCF21E3F192900F013F2 /* AuxThreads.c */ = {isa = PBXFileReference; fileEncoding = 4; lastKnownFileType = sourcecode.c.c; name = AuxThreads.c; path = ../../base/src/AuxThreads.c; sourceTree = "<group>"; };
		9FF1DCF31E3F192900F013F2 /* AuxTiming.c */ = {isa = PBXFileReference; fileEncoding = 4; lastKnownFileType = sourcecode.c.c; name = AuxTiming.c; path = ../../base/src/AuxTiming.c; sourceTree = "<group>"; };
		9FF1DCF41E3F192900F013F2 /* AuxVector.c */ = {isa = PBXFileReference; fileEncoding = 4; lastKnownFileType = sourcecode.c.c; name = AuxVector.c; path = ../../base/src/AuxVector.c; sourceTree = "<group>"; };
		9FF1DCF51E3F192900F013F2 /* BlaArray.c */ = {isa = PBXFileReference; fileEncoding = 4; lastKnownFileType = sourcecode.c.c; name = BlaArray.c; path = ../../base/src/BlaArray.c; sourceTree = "<group>"; };
		9FF1DCF61E3F192900F013F2 /* BlaEigen.c */ = {isa = PBXFileReference; fileEncoding = 4; lastKnownFileType = sourcecode.c.c; name = BlaEigen.c; path = ../../base/src/BlaEigen.c; sourceTree = "<group>"; };
		9FF1DCF71E3F192900F013F2 /* BlaFormat.c */ = {isa = PBXFileReference; fileEncoding = 4; lastKnownFileType = sourcecode.c.c; name = BlaFormat.c; path = ../../base/src/BlaFormat.c; sourceTree = "<group>"; };
		9FF1DCF81E3F192900F013F2 /* BlaILU.c */ = {isa = PBXFileReference; fileEncoding = 4; lastKnownFileType = sourcecode.c.c; name = BlaILU.c; path = ../../base/src/BlaILU.c; sourceTree = "<group>"; };
		9FF1DCF91E3F192900F013F2 /* BlaILUSetupBSR.c */ = {isa = PBXFileReference; fileEncoding = 4; lastKnownFileType = sourcecode.c.c; name = BlaILUSetupBSR.c; path = ../../base/src/BlaILUSetupBSR.c; sourceTree = "<group>"; };
		9FF1DCFA1E3F192900F013F2 /* BlaILUSetupCSR.c */ = {isa = PBXFileReference; fileEncoding = 4; lastKnownFileType = sourcecode.c.c; name = BlaILUSetupCSR.c; path = ../../base/src/BlaILUSetupCSR.c; sourceTree = "<group>"; };
		9FF1DCFB1E3F192900F013F2 /* BlaILUSetupSTR.c */ = {isa = PBXFileReference; fileEncoding = 4; lastKnownFileType = sourcecode.c.c; name = BlaILUSetupSTR.c; path = ../../base/src/BlaILUSetupSTR.c; sourceTree = "<group>"; };
		9FF1DCFC1E3F192900F013F2 /* BlaIO.c */ = {isa = PBXFileReference; fileEncoding = 4; lastKnownFileType = sourcecode.c.c; name = BlaIO.c; path = ../../base/src/BlaIO.c; sourceTree = "<group>"; };
		9FF1DCFD1E3F192900F013F2 /* BlaOrderingCSR.c */ = {isa = PBXFileReference; fileEncoding = 4; lastKnownFileType = sourcecode.c.c; name = BlaOrderingCSR.c; path = ../../base/src/BlaOrderingCSR.c; sourceTree = "<group>"; };
		9FF1DCFE1E3F192900F013F2 /* BlaSchwarzSetup.c */ = {isa = PBXFileReference; fileEncoding = 4; lastKnownFileType = sourcecode.c.c; name = BlaSchwarzSetup.c; path = ../../base/src/BlaSchwarzSetup.c; sourceTree = "<group>"; };
		9FF1DCFF1E3F192900F013F2 /* BlaSmallMat.c */ = {isa = PBXFileReference; fileEncoding = 4; lastKnownFileType = sourcecode.c.c; name = BlaSmallMat.c; path = ../../base/src/BlaSmallMat.c; sourceTree = "<group>"; };
		9FF1DD001E3F192900F013F2 /* BlaSmallMatInv.c */ = {isa = PBXFileReference; fileEncoding = 4; lastKnownFileType = sourcecode.c.c; name = BlaSmallMatInv.c; path = ../../base/src/BlaSmallMatInv.c; sourceTree = "<group>"; };
		9FF1DD011E3F192900F013F2 /* BlaSmallMatLU.c */ = {isa = PBXFileReference; fileEncoding = 4; lastKnownFileType = sourcecode.c.c; name = BlaSmallMatLU.c; path = ../../base/src/BlaSmallMatLU.c; sourceTree = "<group>"; };
		9FF1DD021E3F192900F013F2 /* BlaSparseBLC.c */ = {isa = PBXFileReference; fileEncoding = 4; lastKnownFileType = sourcecode.c.c; name = BlaSparseBLC.c; path = ../../base/src/BlaSparseBLC.c; sourceTree = "<group>"; };
		9FF1DD031E3F192900F013F2 /* BlaSparseBSR.c */ = {isa = PBXFileReference; fileEncoding = 4; lastKnownFileType = sourcecode.c.c; name = BlaSparseBSR.c; path = ../../base/src/BlaSparseBSR.c; sourceTree = "<group>"; };
		9FF1DD041E3F192900F013F2 /* BlaSparseCheck.c */ = {isa = PBXFileReference; fileEncoding = 4; lastKnownFileType = sourcecode.c.c; name = BlaSparseCheck.c; path = ../../base/src/BlaSparseCheck.c; sourceTree = "<group>"; };
		9FF1DD051E3F192900F013F2 /* BlaSparseCOO.c */ = {isa = PBXFileReference; fileEncoding = 4; lastKnownFileType = sourcecode.c.c; name = BlaSparseCOO.c; path = ../../base/src/BlaSparseCOO.c; sourceTree = "<group>"; };
		9FF1DD061E3F192900F013F2 /* BlaSparseCSR.c */ = {isa = PBXFileReference; fileEncoding = 4; lastKnownFileType = sourcecode.c.c; name = BlaSparseCSR.c; path = ../../base/src/BlaSparseCSR.c; sourceTree = "<group>"; };
		9FF1DD071E3F192900F013F2 /* BlaSparseCSRL.c */ = {isa = PBXFileReference; fileEncoding = 4; lastKnownFileType = sourcecode.c.c; name = BlaSparseCSRL.c; path = ../../base/src/BlaSparseCSRL.c; sourceTree = "<group>"; };
		9FF1DD081E3F192900F013F2 /* BlaSparseSTR.c */ = {isa = PBXFileReference; fileEncoding = 4; lastKnownFileType = sourcecode.c.c; name = BlaSparseSTR.c; path = ../../base/src/BlaSparseSTR.c; sourceTree = "<group>"; };
		9FF1DD091E3F192900F013F2 /* BlaSparseUtil.c */ = {isa = PBXFileReference; fileEncoding = 4; lastKnownFileType = sourcecode.c.c; name = BlaSparseUtil.c; path = ../../base/src/BlaSparseUtil.c; sourceTree = "<group>"; };
		9FF1DD0A1E3F192900F013F2 /* BlaSpmvBLC.c */ = {isa = PBXFileReference; fileEncoding = 4; lastKnownFileType = sourcecode.c.c; name = BlaSpmvBLC.c; path = ../../base/src/BlaSpmvBLC.c; sourceTree = "<group>"; };
		9FF1DD0B1E3F192900F013F2 /* BlaSpmvBSR.c */ = {isa = PBXFileReference; fileEncoding = 4; lastKnownFileType = sourcecode.c.c; name = BlaSpmvBSR.c; path = ../../base/src/BlaSpmvBSR.c; sourceTree = "<group>"; };
		9FF1DD0C1E3F192900F013F2 /* BlaSpmvCSR.c */ = {isa = PBXFileReference; fileEncoding = 4; lastKnownFileType = sourcecode.c.c; name = BlaSpmvCSR.c; path = ../../base/src/BlaSpmvCSR.c; sourceTree = "<group>"; };
		9FF1DD0D1E3F192900F013F2 /* BlaSpmvCSRL.c */ = {isa = PBXFileReference; fileEncoding = 4; lastKnownFileType = sourcecode.c.c; name = BlaSpmvCSRL.c; path = ../../base/src/BlaSpmvCSRL.c; sourceTree = "<group>"; };
		9FF1DD0E1E3F192900F013F2 /* BlaSpmvMatFree.inl */ = {isa = PBXFileReference; fileEncoding = 4; lastKnownFileType = text; name = BlaSpmvMatFree.inl; path = ../../base/src/BlaSpmvMatFree.inl; sourceTree = "<group>"; };
		9FF1DD0F1E3F192900F013F2 /* BlaSpmvSTR.c */ = {isa = PBXFileReference; fileEncoding = 4; lastKnownFileType = sourcecode.c.c; name = BlaSpmvSTR.c; path = ../../base/src/BlaSpmvSTR.c; sourceTree = "<group>"; };
		9FF1DD101E3F192900F013F2 /* BlaVector.c */ = {isa = PBXFileReference; fileEncoding = 4; lastKnownFileType = sourcecode.c.c; name = BlaVector.c; path = ../../base/src/BlaVector.c; sourceTree = "<group>"; };
		9FF1DD111E3F192900F013F2 /* ItrAuxiliary.inl */ = {isa = PBXFileReference; fileEncoding = 4; lastKnownFileType = text; name = ItrAuxiliary.inl; path = ../../base/src/ItrAuxiliary.inl; sourceTree = "<group>"; };
		9FF1DD121E3F192900F013F2 /* ItrSmootherBSR.c */ = {isa = PBXFileReference; fileEncoding = 4; lastKnownFileType = sourcecode.c.c; name = ItrSmootherBSR.c; path = ../../base/src/ItrSmootherBSR.c; sourceTree = "<group>"; };
		9FF1DD131E3F192900F013F2 /* ItrSmootherCSR.c */ = {isa = PBXFileReference; fileEncoding = 4; lastKnownFileType = sourcecode.c.c; name = ItrSmootherCSR.c; path = ../../base/src/ItrSmootherCSR.c; sourceTree = "<group>"; };
		9FF1DD141E3F192900F013F2 /* ItrSmootherCSRcr.c */ = {isa = PBXFileReference; fileEncoding = 4; lastKnownFileType = sourcecode.c.c; name = ItrSmootherCSRcr.c; path = ../../base/src/ItrSmootherCSRcr.c; sourceTree = "<group>"; };
		9FF1DD151E3F192900F013F2 /* ItrSmootherCSRpoly.c */ = {isa = PBXFileReference; fileEncoding = 4; lastKnownFileType = sourcecode.c.c; name = ItrSmootherCSRpoly.c; path = ../../base/src/ItrSmootherCSRpoly.c; sourceTree = "<group>"; };
		9FF1DD161E3F192900F013F2 /* ItrSmootherSTR.c */ = {isa = PBXFileReference; fileEncoding = 4; lastKnownFileType = sourcecode.c.c; name = ItrSmootherSTR.c; path = ../../base/src/ItrSmootherSTR.c; sourceTree = "<group>"; };
		9FF1DD171E3F192900F013F2 /* KryPbcgs.c */ = {isa = PBXFileReference; fileEncoding = 4; lastKnownFileType = sourcecode.c.c; name = KryPbcgs.c; path = ../../base/src/KryPbcgs.c; sourceTree = "<group>"; };
		9FF1DD181E3F192900F013F2 /* KryPcg.c */ = {isa = PBXFileReference; fileEncoding = 4; lastKnownFileType = sourcecode.c.c; name = KryPcg.c; path = ../../base/src/KryPcg.c; sourceTree = "<group>"; };
		9FF1DD191E3F192900F013F2 /* KryPgcg.c */ = {isa = PBXFileReference; fileEncoding = 4; lastKnownFileType = sourcecode.c.c; name = KryPgcg.c; path = ../../base/src/KryPgcg.c; sourceTree = "<group>"; };
		9FF1DD1A1E3F192900F013F2 /* KryPgcr.c */ = {isa = PBXFileReference; fileEncoding = 4; lastKnownFileType = sourcecode.c.c; name = KryPgcr.c; path = ../../base/src/KryPgcr.c; sourceTree = "<group>"; };
		9FF1DD1B1E3F192900F013F2 /* KryPgmres.c */ = {isa = PBXFileReference; fileEncoding = 4; lastKnownFileType = sourcecode.c.c; name = KryPgmres.c; path = ../../base/src/KryPgmres.c; sourceTree = "<group>"; };
		9FF1DD1C1E3F192900F013F2 /* KryPminres.c */ = {isa = PBXFileReference; fileEncoding = 4; lastKnownFileType = sourcecode.c.c; name = KryPminres.c; path = ../../base/src/KryPminres.c; sourceTree = "<group>"; };
		9FF1DD1D1E3F192900F013F2 /* KryPvbcgs.c */ = {isa = PBXFileReference; fileEncoding = 4; lastKnownFileType = sourcecode.c.c; name = KryPvbcgs.c; path = ../../base/src/KryPvbcgs.c; sourceTree = "<group>"; };
		9FF1DD1E1E3F192900F013F2 /* KryPvfgmres.c */ = {isa = PBXFileReference; fileEncoding = 4; lastKnownFileType = sourcecode.c.c; name = KryPvfgmres.c; path = ../../base/src/KryPvfgmres.c; sourceTree = "<group>"; };
		9FF1DD1F1E3F192900F013F2 /* KryPvgmres.c */ = {isa = PBXFileReference; fileEncoding = 4; lastKnownFileType = sourcecode.c.c; name = KryPvgmres.c; path = ../../base/src/KryPvgmres.c; sourceTree = "<group>"; };
		9FF1DD201E3F192900F013F2 /* KrySPbcgs.c */ = {isa = PBXFileReference; fileEncoding = 4; lastKnownFileType = sourcecode.c.c; name = KrySPbcgs.c; path = ../../base/src/KrySPbcgs.c; sourceTree = "<group>"; };
		9FF1DD211E3F192900F013F2 /* KrySPcg.c */ = {isa = PBXFileReference; fileEncoding = 4; lastKnownFileType = sourcecode.c.c; name = KrySPcg.c; path = ../../base/src/KrySPcg.c; sourceTree = "<group>"; };
		9FF1DD221E3F192900F013F2 /* KrySPgmres.c */ = {isa = PBXFileReference; fileEncoding = 4; lastKnownFileType = sourcecode.c.c; name = KrySPgmres.c; path = ../../base/src/KrySPgmres.c; sourceTree = "<group>"; };
		9FF1DD231E3F192900F013F2 /* KrySPminres.c */ = {isa = PBXFileReference; fileEncoding = 4; lastKnownFileType = sourcecode.c.c; name = KrySPminres.c; path = ../../base/src/KrySPminres.c; sourceTree = "<group>"; };
		9FF1DD241E3F192900F013F2 /* KrySPvgmres.c */ = {isa = PBXFileReference; fileEncoding = 4; lastKnownFileType = sourcecode.c.c; name = KrySPvgmres.c; path = ../../base/src/KrySPvgmres.c; sourceTree = "<group>"; };
		9FF1DD251E3F192900F013F2 /* KryUtil.inl */ = {isa = PBXFileReference; fileEncoding = 4; lastKnownFileType = text; name = KryUtil.inl; path = ../../base/src/KryUtil.inl; sourceTree = "<group>"; };
		9FF1DD261E3F192900F013F2 /* PreAMGAggregation.inl */ = {isa = PBXFileReference; fileEncoding = 4; lastKnownFileType = text; name = PreAMGAggregation.inl; path = ../../base/src/PreAMGAggregation.inl; sourceTree = "<group>"; };
		9FF1DD271E3F192900F013F2 /* PreAMGAggregationBSR.inl */ = {isa = PBXFileReference; fileEncoding = 4; lastKnownFileType = text; name = PreAMGAggregationBSR.inl; path = ../../base/src/PreAMGAggregationBSR.inl; sourceTree = "<group>"; };
		9FF1DD281E3F192900F013F2 /* PreAMGAggregationCSR.inl */ = {isa = PBXFileReference; fileEncoding = 4; lastKnownFileType = text; name = PreAMGAggregationCSR.inl; path = ../../base/src/PreAMGAggregationCSR.inl; sourceTree = "<group>"; };
		9FF1DD291E3F192900F013F2 /* PreAMGCoarsenCR.c */ = {isa = PBXFileReference; fileEncoding = 4; lastKnownFileType = sourcecode.c.c; name = PreAMGCoarsenCR.c; path = ../../base/src/PreAMGCoarsenCR.c; sourceTree = "<group>"; };
		9FF1DD2A1E3F192900F013F2 /* PreAMGCoarsenRS.c */ = {isa = PBXFileReference; fileEncoding = 4; lastKnownFileType = sourcecode.c.c; name = PreAMGCoarsenRS.c; path = ../../base/src/PreAMGCoarsenRS.c; sourceTree = "<group>"; };
		9FF1DD2B1E3F192900F013F2 /* PreAMGInterp.c */ = {isa = PBXFileReference; fileEncoding = 4; lastKnownFileType = sourcecode.c.c; name = PreAMGInterp.c; path = ../../base/src/PreAMGInterp.c; sourceTree = "<group>"; };
		9FF1DD2C1E3F192900F013F2 /* PreAMGInterpEM.c */ = {isa = PBXFileReference; fileEncoding = 4; lastKnownFileType = sourcecode.c.c; name = PreAMGInterpEM.c; path = ../../base/src/PreAMGInterpEM.c; sourceTree = "<group>"; };
		9FF1DD2D1E3F192900F013F2 /* PreAMGSetupCR.c */ = {isa = PBXFileReference; fileEncoding = 4; lastKnownFileType = sourcecode.c.c; name = PreAMGSetupCR.c; path = ../../base/src/PreAMGSetupCR.c; sourceTree = "<group>"; };
		9FF1DD2E1E3F192900F013F2 /* PreAMGSetupRS.c */ = {isa = PBXFileReference; fileEncoding = 4; lastKnownFileType = sourcecode.c.c; name = PreAMGSetupRS.c; path = ../../base/src/PreAMGSetupRS.c; sourceTree = "<group>"; };
		9FF1DD2F1E3F192900F013F2 /* PreAMGSetupSA.c */ = {isa = PBXFileReference; fileEncoding = 4; lastKnownFileType = sourcecode.c.c; name = PreAMGSetupSA.c; path = ../../base/src/PreAMGSetupSA.c; sourceTree = "<group>"; };
		9FF1DD301E3F192900F013F2 /* PreAMGSetupSABSR.c */ = {isa = PBXFileReference; fileEncoding = 4; lastKnownFileType = sourcecode.c.c; name = PreAMGSetupSABSR.c; path = ../../base/src/PreAMGSetupSABSR.c; sourceTree = "<group>"; };
		9FF1DD311E3F192900F013F2 /* PreAMGSetupUA.c */ = {isa = PBXFileReference; fileEncoding = 4; lastKnownFileType = sourcecode.c.c; name = PreAMGSetupUA.c; path = ../../base/src/PreAMGSetupUA.c; sourceTree = "<group>"; };
		9FF1DD321E3F192900F013F2 /* PreAMGSetupUABSR.c */ = {isa = PBXFileReference; fileEncoding = 4; lastKnownFileType = sourcecode.c.c; name = PreAMGSetupUABSR.c; path = ../../base/src/PreAMGSetupUABSR.c; sourceTree = "<group>"; };
		9FF1DD331E3F192900F013F2 /* PreAMGUtil.inl */ = {isa = PBXFileReference; fileEncoding = 4; lastKnownFileType = text; name = PreAMGUtil.inl; path = ../../base/src/PreAMGUtil.inl; sourceTree = "<group>"; };
		9FF1DD341E3F192900F013F2 /* PreBLC.c */ = {isa = PBXFileReference; fileEncoding = 4; lastKnownFileType = sourcecode.c.c; name = PreBLC.c; path = ../../base/src/PreBLC.c; sourceTree = "<group>"; };
		9FF1DD351E3F192900F013F2 /* PreBSR.c */ = {isa = PBXFileReference; fileEncoding = 4; lastKnownFileType = sourcecode.c.c; name = PreBSR.c; path = ../../base/src/PreBSR.c; sourceTree = "<group>"; };
		9FF1DD361E3F192900F013F2 /* PreCSR.c */ = {isa = PBXFileReference; fileEncoding = 4; lastKnownFileType = sourcecode.c.c; name = PreCSR.c; path = ../../base/src/PreCSR.c; sourceTree = "<group>"; };
		9FF1DD371E3F192900F013F2 /* PreDataInit.c */ = {isa = PBXFileReference; fileEncoding = 4; lastKnownFileType = sourcecode.c.c; name = PreDataInit.c; path = ../../base/src/PreDataInit.c; sourceTree = "<group>"; };
		9FF1DD381E3F192900F013F2 /* PreGMG.inl */ = {isa = PBXFileReference; fileEncoding = 4; lastKnownFileType = text; name = PreGMG.inl; path = ../../base/src/PreGMG.inl; sourceTree = "<group>"; };
		9FF1DD391E3F192900F013F2 /* PreMGCycle.c */ = {isa = PBXFileReference; fileEncoding = 4; lastKnownFileType = sourcecode.c.c; name = PreMGCycle.c; path = ../../base/src/PreMGCycle.c; sourceTree = "<group>"; };
		9FF1DD3A1E3F192900F013F2 /* PreMGCycleFull.c */ = {isa = PBXFileReference; fileEncoding = 4; lastKnownFileType = sourcecode.c.c; name = PreMGCycleFull.c; path = ../../base/src/PreMGCycleFull.c; sourceTree = "<group>"; };
		9FF1DD3B1E3F192900F013F2 /* PreMGRecur.c */ = {isa = PBXFileReference; fileEncoding = 4; lastKnownFileType = sourcecode.c.c; name = PreMGRecur.c; path = ../../base/src/PreMGRecur.c; sourceTree = "<group>"; };
		9FF1DD3C1E3F192900F013F2 /* PreMGRecurAMLI.c */ = {isa = PBXFileReference; fileEncoding = 4; lastKnownFileType = sourcecode.c.c; name = PreMGRecurAMLI.c; path = ../../base/src/PreMGRecurAMLI.c; sourceTree = "<group>"; };
		9FF1DD3D1E3F192900F013F2 /* PreMGRecurAMLI.inl */ = {isa = PBXFileReference; fileEncoding = 4; lastKnownFileType = text; name = PreMGRecurAMLI.inl; path = ../../base/src/PreMGRecurAMLI.inl; sourceTree = "<group>"; };
		9FF1DD3E1E3F192900F013F2 /* PreMGSmoother.inl */ = {isa = PBXFileReference; fileEncoding = 4; lastKnownFileType = text; name = PreMGSmoother.inl; path = ../../base/src/PreMGSmoother.inl; sourceTree = "<group>"; };
		9FF1DD3F1E3F192900F013F2 /* PreMGSolve.c */ = {isa = PBXFileReference; fileEncoding = 4; lastKnownFileType = sourcecode.c.c; name = PreMGSolve.c; path = ../../base/src/PreMGSolve.c; sourceTree = "<group>"; };
		9FF1DD401E3F192900F013F2 /* PreMGUtil.inl */ = {isa = PBXFileReference; fileEncoding = 4; lastKnownFileType = text; name = PreMGUtil.inl; path = ../../base/src/PreMGUtil.inl; sourceTree = "<group>"; };
		9FF1DD411E3F192900F013F2 /* PreSTR.c */ = {isa = PBXFileReference; fileEncoding = 4; lastKnownFileType = sourcecode.c.c; name = PreSTR.c; path = ../../base/src/PreSTR.c; sourceTree = "<group>"; };
		9FF1DD421E3F192900F013F2 /* SolAMG.c */ = {isa = PBXFileReference; fileEncoding = 4; lastKnownFileType = sourcecode.c.c; name = SolAMG.c; path = ../../base/src/SolAMG.c; sourceTree = "<group>"; };
		9FF1DD431E3F192900F013F2 /* SolBLC.c */ = {isa = PBXFileReference; fileEncoding = 4; lastKnownFileType = sourcecode.c.c; name = SolBLC.c; path = ../../base/src/SolBLC.c; sourceTree = "<group>"; };
		9FF1DD441E3F192900F013F2 /* SolBSR.c */ = {isa = PBXFileReference; fileEncoding = 4; lastKnownFileType = sourcecode.c.c; name = SolBSR.c; path = ../../base/src/SolBSR.c; sourceTree = "<group>"; };
		9FF1DD451E3F192900F013F2 /* SolCSR.c */ = {isa = PBXFileReference; fileEncoding = 4; lastKnownFileType = sourcecode.c.c; name = SolCSR.c; path = ../../base/src/SolCSR.c; sourceTree = "<group>"; };
		9FF1DD461E3F192900F013F2 /* SolFAMG.c */ = {isa = PBXFileReference; fileEncoding = 4; lastKnownFileType = sourcecode.c.c; name = SolFAMG.c; path = ../../base/src/SolFAMG.c; sourceTree = "<group>"; };
		9FF1DD471E3F192900F013F2 /* SolGMGPoisson.c */ = {isa = PBXFileReference; fileEncoding = 4; lastKnownFileType = sourcecode.c.c; name = SolGMGPoisson.c; path = ../../base/src/SolGMGPoisson.c; sourceTree = "<group>"; };
		9FF1DD481E3F192900F013F2 /* SolMatFree.c */ = {isa = PBXFileReference; fileEncoding = 4; lastKnownFileType = sourcecode.c.c; name = SolMatFree.c; path = ../../base/src/SolMatFree.c; sourceTree = "<group>"; };
		9FF1DD491E3F192900F013F2 /* SolSTR.c */ = {isa = PBXFileReference; fileEncoding = 4; lastKnownFileType = sourcecode.c.c; name = SolSTR.c; path = ../../base/src/SolSTR.c; sourceTree = "<group>"; };
		9FF1DD4A1E3F192900F013F2 /* SolWrapper.c */ = {isa = PBXFileReference; fileEncoding = 4; lastKnownFileType = sourcecode.c.c; name = SolWrapper.c; path = ../../base/src/SolWrapper.c; sourceTree = "<group>"; };
		9FF1DDA41E3F2D7500F013F2 /* faspsolver */ = {isa = PBXFileReference; explicitFileType = "compiled.mach-o.executable"; includeInIndex = 0; path = faspsolver; sourceTree = BUILT_PRODUCTS_DIR; };
		9FF1DDA51E3F2E3900F013F2 /* regression.c */ = {isa = PBXFileReference; fileEncoding = 4; lastKnownFileType = sourcecode.c.c; name = regression.c; path = ../../test/main/regression.c; sourceTree = "<group>"; };
/* End PBXFileReference section */

/* Begin PBXFrameworksBuildPhase section */
		9FF1DCB41E3F13C200F013F2 /* Frameworks */ = {
			isa = PBXFrameworksBuildPhase;
			buildActionMask = 2147483647;
			files = (
			);
			runOnlyForDeploymentPostprocessing = 0;
		};
/* End PBXFrameworksBuildPhase section */

/* Begin PBXGroup section */
		9FF1DCAE1E3F13C200F013F2 = {
			isa = PBXGroup;
			children = (
				9FF1DCC21E3F146800F013F2 /* extra */,
				9FF1DCC11E3F144700F013F2 /* base */,
				9FF1DCB91E3F13C200F013F2 /* test */,
				9FF1DDA41E3F2D7500F013F2 /* faspsolver */,
			);
			sourceTree = "<group>";
		};
		9FF1DCB91E3F13C200F013F2 /* test */ = {
			isa = PBXGroup;
			children = (
				9FF1DDA51E3F2E3900F013F2 /* regression.c */,
			);
			name = test;
			path = fasptest;
			sourceTree = "<group>";
		};
		9FF1DCC11E3F144700F013F2 /* base */ = {
			isa = PBXGroup;
			children = (
				9FF1DCE31E3F190900F013F2 /* include */,
				9FF1DCE21E3F190100F013F2 /* src */,
			);
			name = base;
			sourceTree = "<group>";
		};
		9FF1DCC21E3F146800F013F2 /* extra */ = {
			isa = PBXGroup;
			children = (
				9FF1DCDC1E3F188500F013F2 /* include */,
				9FF1DCCF1E3F180300F013F2 /* src */,
			);
			name = extra;
			sourceTree = "<group>";
		};
		9FF1DCCF1E3F180300F013F2 /* src */ = {
			isa = PBXGroup;
			children = (
				9FF1DCD21E3F188000F013F2 /* XtrMumps.c */,
				9FF1DCD31E3F188000F013F2 /* XtrPardiso.c */,
				9FF1DCD41E3F188000F013F2 /* XtrSamg.c */,
				9FF1DCD51E3F188000F013F2 /* XtrSuperlu.c */,
				9FF1DCD61E3F188000F013F2 /* XtrUmfpack.c */,
				9FF1DCD01E3F186B00F013F2 /* XtrHBIO.c */,
			);
			name = src;
			sourceTree = "<group>";
		};
		9FF1DCDC1E3F188500F013F2 /* include */ = {
			isa = PBXGroup;
			children = (
				9FF1DCDD1E3F189900F013F2 /* dlmalloc.h */,
				9FF1DCDE1E3F189900F013F2 /* doxygen.h */,
				9FF1DCDF1E3F189900F013F2 /* hb_io.h */,
				9FF1DCE01E3F189900F013F2 /* malloc.c.h */,
				9FF1DCE11E3F189900F013F2 /* nedmalloc.h */,
			);
			name = include;
			sourceTree = "<group>";
		};
		9FF1DCE21E3F190100F013F2 /* src */ = {
			isa = PBXGroup;
			children = (
				9FF1DCE91E3F192900F013F2 /* AuxArray.c */,
				9FF1DCEA1E3F192900F013F2 /* AuxConvert.c */,
				9FF1DCEB1E3F192900F013F2 /* AuxGivens.c */,
				9FF1DCEC1E3F192900F013F2 /* AuxGraphics.c */,
				9FF1DCED1E3F192900F013F2 /* AuxInput.c */,
				9FF1DCEE1E3F192900F013F2 /* AuxMemory.c */,
				9FF1DCEF1E3F192900F013F2 /* AuxMessage.c */,
				9FF1DCF01E3F192900F013F2 /* AuxParam.c */,
				9FF1DCF11E3F192900F013F2 /* AuxSort.c */,
				9FF1DCF21E3F192900F013F2 /* AuxThreads.c */,
				9FF1DCF31E3F192900F013F2 /* AuxTiming.c */,
				9FF1DCF41E3F192900F013F2 /* AuxVector.c */,
				9FF1DCF51E3F192900F013F2 /* BlaArray.c */,
				9FF1DCF61E3F192900F013F2 /* BlaEigen.c */,
				9FF1DCF71E3F192900F013F2 /* BlaFormat.c */,
				9FF1DCF81E3F192900F013F2 /* BlaILU.c */,
				9FF1DCF91E3F192900F013F2 /* BlaILUSetupBSR.c */,
				9FF1DCFA1E3F192900F013F2 /* BlaILUSetupCSR.c */,
				9FF1DCFB1E3F192900F013F2 /* BlaILUSetupSTR.c */,
				9FF1DCFC1E3F192900F013F2 /* BlaIO.c */,
				9FF1DCFD1E3F192900F013F2 /* BlaOrderingCSR.c */,
				9FF1DCFE1E3F192900F013F2 /* BlaSchwarzSetup.c */,
				9FF1DCFF1E3F192900F013F2 /* BlaSmallMat.c */,
				9FF1DD001E3F192900F013F2 /* BlaSmallMatInv.c */,
				9FF1DD011E3F192900F013F2 /* BlaSmallMatLU.c */,
				9FF1DD021E3F192900F013F2 /* BlaSparseBLC.c */,
				9FF1DD031E3F192900F013F2 /* BlaSparseBSR.c */,
				9FF1DD041E3F192900F013F2 /* BlaSparseCheck.c */,
				9FF1DD051E3F192900F013F2 /* BlaSparseCOO.c */,
				9FF1DD061E3F192900F013F2 /* BlaSparseCSR.c */,
				9FF1DD071E3F192900F013F2 /* BlaSparseCSRL.c */,
				9FF1DD081E3F192900F013F2 /* BlaSparseSTR.c */,
				9FF1DD091E3F192900F013F2 /* BlaSparseUtil.c */,
				9FF1DD0A1E3F192900F013F2 /* BlaSpmvBLC.c */,
				9FF1DD0B1E3F192900F013F2 /* BlaSpmvBSR.c */,
				9FF1DD0C1E3F192900F013F2 /* BlaSpmvCSR.c */,
				9FF1DD0D1E3F192900F013F2 /* BlaSpmvCSRL.c */,
				9FF1DD0E1E3F192900F013F2 /* BlaSpmvMatFree.inl */,
				9FF1DD0F1E3F192900F013F2 /* BlaSpmvSTR.c */,
				9FF1DD101E3F192900F013F2 /* BlaVector.c */,
				9FF1DD111E3F192900F013F2 /* ItrAuxiliary.inl */,
				9FF1DD121E3F192900F013F2 /* ItrSmootherBSR.c */,
				9FF1DD131E3F192900F013F2 /* ItrSmootherCSR.c */,
				9FF1DD141E3F192900F013F2 /* ItrSmootherCSRcr.c */,
				9FF1DD151E3F192900F013F2 /* ItrSmootherCSRpoly.c */,
				9FF1DD161E3F192900F013F2 /* ItrSmootherSTR.c */,
				9FF1DD171E3F192900F013F2 /* KryPbcgs.c */,
				9FF1DD181E3F192900F013F2 /* KryPcg.c */,
				9FF1DD191E3F192900F013F2 /* KryPgcg.c */,
				9FF1DD1A1E3F192900F013F2 /* KryPgcr.c */,
				9FF1DD1B1E3F192900F013F2 /* KryPgmres.c */,
				9FF1DD1C1E3F192900F013F2 /* KryPminres.c */,
				9FF1DD1D1E3F192900F013F2 /* KryPvbcgs.c */,
				9FF1DD1E1E3F192900F013F2 /* KryPvfgmres.c */,
				9FF1DD1F1E3F192900F013F2 /* KryPvgmres.c */,
				9FF1DD201E3F192900F013F2 /* KrySPbcgs.c */,
				9FF1DD211E3F192900F013F2 /* KrySPcg.c */,
				9FF1DD221E3F192900F013F2 /* KrySPgmres.c */,
				9FF1DD231E3F192900F013F2 /* KrySPminres.c */,
				9FF1DD241E3F192900F013F2 /* KrySPvgmres.c */,
				9FF1DD251E3F192900F013F2 /* KryUtil.inl */,
				9FF1DD261E3F192900F013F2 /* PreAMGAggregation.inl */,
				9FF1DD271E3F192900F013F2 /* PreAMGAggregationBSR.inl */,
				9FF1DD281E3F192900F013F2 /* PreAMGAggregationCSR.inl */,
				9FF1DD291E3F192900F013F2 /* PreAMGCoarsenCR.c */,
				9FF1DD2A1E3F192900F013F2 /* PreAMGCoarsenRS.c */,
				9FF1DD2B1E3F192900F013F2 /* PreAMGInterp.c */,
				9FF1DD2C1E3F192900F013F2 /* PreAMGInterpEM.c */,
				9FF1DD2D1E3F192900F013F2 /* PreAMGSetupCR.c */,
				9FF1DD2E1E3F192900F013F2 /* PreAMGSetupRS.c */,
				9FF1DD2F1E3F192900F013F2 /* PreAMGSetupSA.c */,
				9FF1DD301E3F192900F013F2 /* PreAMGSetupSABSR.c */,
				9FF1DD311E3F192900F013F2 /* PreAMGSetupUA.c */,
				9FF1DD321E3F192900F013F2 /* PreAMGSetupUABSR.c */,
				9FF1DD331E3F192900F013F2 /* PreAMGUtil.inl */,
				9FF1DD341E3F192900F013F2 /* PreBLC.c */,
				9FF1DD351E3F192900F013F2 /* PreBSR.c */,
				9FF1DD361E3F192900F013F2 /* PreCSR.c */,
				9FF1DD371E3F192900F013F2 /* PreDataInit.c */,
				9FF1DD381E3F192900F013F2 /* PreGMG.inl */,
				9FF1DD391E3F192900F013F2 /* PreMGCycle.c */,
				9FF1DD3A1E3F192900F013F2 /* PreMGCycleFull.c */,
				9FF1DD3B1E3F192900F013F2 /* PreMGRecur.c */,
				9FF1DD3C1E3F192900F013F2 /* PreMGRecurAMLI.c */,
				9FF1DD3D1E3F192900F013F2 /* PreMGRecurAMLI.inl */,
				9FF1DD3E1E3F192900F013F2 /* PreMGSmoother.inl */,
				9FF1DD3F1E3F192900F013F2 /* PreMGSolve.c */,
				9FF1DD401E3F192900F013F2 /* PreMGUtil.inl */,
				9FF1DD411E3F192900F013F2 /* PreSTR.c */,
				9FF1DD421E3F192900F013F2 /* SolAMG.c */,
				9FF1DD431E3F192900F013F2 /* SolBLC.c */,
				9FF1DD441E3F192900F013F2 /* SolBSR.c */,
				9FF1DD451E3F192900F013F2 /* SolCSR.c */,
				9FF1DD461E3F192900F013F2 /* SolFAMG.c */,
				9FF1DD471E3F192900F013F2 /* SolGMGPoisson.c */,
				9FF1DD481E3F192900F013F2 /* SolMatFree.c */,
				9FF1DD491E3F192900F013F2 /* SolSTR.c */,
				9FF1DD4A1E3F192900F013F2 /* SolWrapper.c */,
			);
			name = src;
			sourceTree = "<group>";
		};
		9FF1DCE31E3F190900F013F2 /* include */ = {
			isa = PBXGroup;
			children = (
				9FF1DCE41E3F191C00F013F2 /* fasp_block.h */,
				9FF1DCE51E3F191C00F013F2 /* fasp_const.h */,
				9FF1DCE61E3F191C00F013F2 /* fasp_functs.h */,
				9FF1DCE71E3F191C00F013F2 /* fasp_grid.h */,
				9FF1DCE81E3F191C00F013F2 /* fasp.h */,
			);
			name = include;
			sourceTree = "<group>";
		};
/* End PBXGroup section */

/* Begin PBXNativeTarget section */
		9FF1DCB61E3F13C200F013F2 /* faspsolver */ = {
			isa = PBXNativeTarget;
			buildConfigurationList = 9FF1DCBE1E3F13C200F013F2 /* Build configuration list for PBXNativeTarget "faspsolver" */;
			buildPhases = (
				9FF1DCB31E3F13C200F013F2 /* Sources */,
				9FF1DCB41E3F13C200F013F2 /* Frameworks */,
				9FF1DCB51E3F13C200F013F2 /* CopyFiles */,
			);
			buildRules = (
			);
			dependencies = (
			);
			name = faspsolver;
			productName = fasptest;
			productReference = 9FF1DDA41E3F2D7500F013F2 /* faspsolver */;
			productType = "com.apple.product-type.tool";
		};
/* End PBXNativeTarget section */

/* Begin PBXProject section */
		9FF1DCAF1E3F13C200F013F2 /* Project object */ = {
			isa = PBXProject;
			attributes = {
				LastUpgradeCheck = 0820;
				ORGANIZATIONNAME = "FASP team";
				TargetAttributes = {
					9FF1DCB61E3F13C200F013F2 = {
						CreatedOnToolsVersion = 8.2.1;
						ProvisioningStyle = Automatic;
					};
				};
			};
			buildConfigurationList = 9FF1DCB21E3F13C200F013F2 /* Build configuration list for PBXProject "faspsolver" */;
			compatibilityVersion = "Xcode 3.2";
			developmentRegion = English;
			hasScannedForEncodings = 0;
			knownRegions = (
				en,
			);
			mainGroup = 9FF1DCAE1E3F13C200F013F2;
			productRefGroup = 9FF1DCAE1E3F13C200F013F2;
			projectDirPath = "";
			projectRoot = "";
			targets = (
				9FF1DCB61E3F13C200F013F2 /* faspsolver */,
			);
		};
/* End PBXProject section */

/* Begin PBXSourcesBuildPhase section */
		9FF1DCB31E3F13C200F013F2 /* Sources */ = {
			isa = PBXSourcesBuildPhase;
			buildActionMask = 2147483647;
			files = (
				9FF1DD531E3F192900F013F2 /* AuxSort.c in Sources */,
				9FF1DD541E3F192900F013F2 /* AuxThreads.c in Sources */,
				9FF1DD4D1E3F192900F013F2 /* AuxGivens.c in Sources */,
				9FF1DD4B1E3F192900F013F2 /* AuxArray.c in Sources */,
				9FF1DD9E1E3F192900F013F2 /* SolGMGPoisson.c in Sources */,
				9FF1DD6C1E3F192900F013F2 /* BlaSpmvBLC.c in Sources */,
				9FF1DD951E3F192900F013F2 /* PreMGRecur.c in Sources */,
				9FF1DD9B1E3F192900F013F2 /* SolBSR.c in Sources */,
				9FF1DD831E3F192900F013F2 /* KrySPminres.c in Sources */,
				9FF1DD821E3F192900F013F2 /* KrySPgmres.c in Sources */,
				9FF1DD581E3F192900F013F2 /* BlaEigen.c in Sources */,
				9FF1DD621E3F192900F013F2 /* BlaSmallMatInv.c in Sources */,
				9FF1DD6D1E3F192900F013F2 /* BlaSpmvBSR.c in Sources */,
				9FF1DD741E3F192900F013F2 /* ItrSmootherCSRcr.c in Sources */,
				9FF1DCD11E3F186B00F013F2 /* XtrHBIO.c in Sources */,
				9FF1DD901E3F192900F013F2 /* PreBSR.c in Sources */,
				9FF1DD5D1E3F192900F013F2 /* BlaILUSetupSTR.c in Sources */,
				9FF1DD8D1E3F192900F013F2 /* PreAMGSetupUA.c in Sources */,
				9FF1DD9D1E3F192900F013F2 /* SolFAMG.c in Sources */,
				9FF1DD7A1E3F192900F013F2 /* KryPgcr.c in Sources */,
				9FF1DD911E3F192900F013F2 /* PreCSR.c in Sources */,
				9FF1DD801E3F192900F013F2 /* KrySPbcgs.c in Sources */,
				9FF1DD841E3F192900F013F2 /* KrySPvgmres.c in Sources */,
				9FF1DD791E3F192900F013F2 /* KryPgcg.c in Sources */,
				9FF1DD7D1E3F192900F013F2 /* KryPvbcgs.c in Sources */,
				9FF1DD9C1E3F192900F013F2 /* SolCSR.c in Sources */,
				9FF1DD961E3F192900F013F2 /* PreMGRecurAMLI.c in Sources */,
				9FF1DD891E3F192900F013F2 /* PreAMGSetupCR.c in Sources */,
				9FF1DD711E3F192900F013F2 /* BlaVector.c in Sources */,
				9FF1DD591E3F192900F013F2 /* BlaFormat.c in Sources */,
				9FF1DCD81E3F188000F013F2 /* XtrPardiso.c in Sources */,
				9FF1DDA61E3F2E3900F013F2 /* regression.c in Sources */,
				9FF1DD871E3F192900F013F2 /* PreAMGInterp.c in Sources */,
				9FF1DD5E1E3F192900F013F2 /* BlaIO.c in Sources */,
				9FF1DD6B1E3F192900F013F2 /* BlaSparseUtil.c in Sources */,
				9FF1DD861E3F192900F013F2 /* PreAMGCoarsenRS.c in Sources */,
				9FF1DD771E3F192900F013F2 /* KryPbcgs.c in Sources */,
				9FF1DD631E3F192900F013F2 /* BlaSmallMatLU.c in Sources */,
				9FF1DD721E3F192900F013F2 /* ItrSmootherBSR.c in Sources */,
				9FF1DD611E3F192900F013F2 /* BlaSmallMat.c in Sources */,
				9FF1DD6E1E3F192900F013F2 /* BlaSpmvCSR.c in Sources */,
				9FF1DD5A1E3F192900F013F2 /* BlaILU.c in Sources */,
				9FF1DD551E3F192900F013F2 /* AuxTiming.c in Sources */,
				9FF1DD811E3F192900F013F2 /* KrySPcg.c in Sources */,
				9FF1DD6F1E3F192900F013F2 /* BlaSpmvCSRL.c in Sources */,
				9FF1DD651E3F192900F013F2 /* BlaSparseBSR.c in Sources */,
				9FF1DD761E3F192900F013F2 /* ItrSmootherSTR.c in Sources */,
				9FF1DD561E3F192900F013F2 /* AuxVector.c in Sources */,
				9FF1DD9F1E3F192900F013F2 /* SolMatFree.c in Sources */,
				9FF1DD781E3F192900F013F2 /* KryPcg.c in Sources */,
				9FF1DD601E3F192900F013F2 /* BlaSchwarzSetup.c in Sources */,
				9FF1DD751E3F192900F013F2 /* ItrSmootherCSRpoly.c in Sources */,
				9FF1DDA11E3F192900F013F2 /* SolWrapper.c in Sources */,
				9FF1DD4F1E3F192900F013F2 /* AuxInput.c in Sources */,
				9FF1DD941E3F192900F013F2 /* PreMGCycleFull.c in Sources */,
				9FF1DD4E1E3F192900F013F2 /* AuxGraphics.c in Sources */,
				9FF1DD701E3F192900F013F2 /* BlaSpmvSTR.c in Sources */,
				9FF1DD4C1E3F192900F013F2 /* AuxConvert.c in Sources */,
				9FF1DD8A1E3F192900F013F2 /* PreAMGSetupRS.c in Sources */,
				9FF1DD511E3F192900F013F2 /* AuxMessage.c in Sources */,
				9FF1DD691E3F192900F013F2 /* BlaSparseCSRL.c in Sources */,
				9FF1DD8E1E3F192900F013F2 /* PreAMGSetupUABSR.c in Sources */,
				9FF1DD571E3F192900F013F2 /* BlaArray.c in Sources */,
				9FF1DD9A1E3F192900F013F2 /* SolBLC.c in Sources */,
				9FF1DD7B1E3F192900F013F2 /* KryPgmres.c in Sources */,
				9FF1DCDB1E3F188000F013F2 /* XtrUmfpack.c in Sources */,
				9FF1DD5B1E3F192900F013F2 /* BlaILUSetupBSR.c in Sources */,
				9FF1DD881E3F192900F013F2 /* PreAMGInterpEM.c in Sources */,
				9FF1DD681E3F192900F013F2 /* BlaSparseCSR.c in Sources */,
				9FF1DD641E3F192900F013F2 /* BlaSparseBLC.c in Sources */,
				9FF1DD521E3F192900F013F2 /* AuxParam.c in Sources */,
				9FF1DD7F1E3F192900F013F2 /* KryPvgmres.c in Sources */,
				9FF1DCD71E3F188000F013F2 /* XtrMumps.c in Sources */,
				9FF1DD981E3F192900F013F2 /* PreSTR.c in Sources */,
				9FF1DD501E3F192900F013F2 /* AuxMemory.c in Sources */,
				9FF1DD8C1E3F192900F013F2 /* PreAMGSetupSABSR.c in Sources */,
				9FF1DCD91E3F188000F013F2 /* XtrSamg.c in Sources */,
				9FF1DD731E3F192900F013F2 /* ItrSmootherCSR.c in Sources */,
				9FF1DCDA1E3F188000F013F2 /* XtrSuperlu.c in Sources */,
				9FF1DD661E3F192900F013F2 /* BlaSparseCheck.c in Sources */,
				9FF1DD7E1E3F192900F013F2 /* KryPvfgmres.c in Sources */,
				9FF1DDA01E3F192900F013F2 /* SolSTR.c in Sources */,
				9FF1DD8B1E3F192900F013F2 /* PreAMGSetupSA.c in Sources */,
				9FF1DD8F1E3F192900F013F2 /* PreBLC.c in Sources */,
				9FF1DD931E3F192900F013F2 /* PreMGCycle.c in Sources */,
				9FF1DD671E3F192900F013F2 /* BlaSparseCOO.c in Sources */,
				9FF1DD971E3F192900F013F2 /* PreMGSolve.c in Sources */,
				9FF1DD5F1E3F192900F013F2 /* BlaOrderingCSR.c in Sources */,
				9FF1DD991E3F192900F013F2 /* SolAMG.c in Sources */,
				9FF1DD851E3F192900F013F2 /* PreAMGCoarsenCR.c in Sources */,
				9FF1DD921E3F192900F013F2 /* PreDataInit.c in Sources */,
				9FF1DD6A1E3F192900F013F2 /* BlaSparseSTR.c in Sources */,
				9FF1DD7C1E3F192900F013F2 /* KryPminres.c in Sources */,
				9FF1DD5C1E3F192900F013F2 /* BlaILUSetupCSR.c in Sources */,
			);
			runOnlyForDeploymentPostprocessing = 0;
		};
/* End PBXSourcesBuildPhase section */

/* Begin XCBuildConfiguration section */
		9FF1DCBC1E3F13C200F013F2 /* Debug */ = {
			isa = XCBuildConfiguration;
			buildSettings = {
				ALWAYS_SEARCH_USER_PATHS = NO;
				CLANG_ANALYZER_NONNULL = YES;
				CLANG_CXX_LANGUAGE_STANDARD = "gnu++0x";
				CLANG_CXX_LIBRARY = "libc++";
				CLANG_ENABLE_MODULES = YES;
				CLANG_ENABLE_OBJC_ARC = YES;
				CLANG_WARN_BOOL_CONVERSION = YES;
				CLANG_WARN_CONSTANT_CONVERSION = YES;
				CLANG_WARN_DIRECT_OBJC_ISA_USAGE = YES_ERROR;
				CLANG_WARN_DOCUMENTATION_COMMENTS = YES;
				CLANG_WARN_EMPTY_BODY = YES;
				CLANG_WARN_ENUM_CONVERSION = YES;
				CLANG_WARN_INFINITE_RECURSION = YES;
				CLANG_WARN_INT_CONVERSION = YES;
				CLANG_WARN_OBJC_ROOT_CLASS = YES_ERROR;
				CLANG_WARN_SUSPICIOUS_MOVE = YES;
				CLANG_WARN_UNREACHABLE_CODE = YES;
				CLANG_WARN__DUPLICATE_METHOD_MATCH = YES;
				CODE_SIGN_IDENTITY = "-";
				COPY_PHASE_STRIP = NO;
				DEBUG_INFORMATION_FORMAT = dwarf;
				ENABLE_STRICT_OBJC_MSGSEND = YES;
				ENABLE_TESTABILITY = YES;
				GCC_C_LANGUAGE_STANDARD = gnu99;
				GCC_DYNAMIC_NO_PIC = NO;
				GCC_NO_COMMON_BLOCKS = YES;
				GCC_OPTIMIZATION_LEVEL = 0;
				GCC_PREPROCESSOR_DEFINITIONS = (
					"DEBUG=1",
					"$(inherited)",
				);
				GCC_WARN_64_TO_32_BIT_CONVERSION = YES;
				GCC_WARN_ABOUT_RETURN_TYPE = YES_ERROR;
				GCC_WARN_UNDECLARED_SELECTOR = YES;
				GCC_WARN_UNINITIALIZED_AUTOS = YES_AGGRESSIVE;
				GCC_WARN_UNUSED_FUNCTION = YES;
				GCC_WARN_UNUSED_VARIABLE = YES;
				MACOSX_DEPLOYMENT_TARGET = 10.12;
				MTL_ENABLE_DEBUG_INFO = YES;
				ONLY_ACTIVE_ARCH = YES;
				SDKROOT = macosx;
			};
			name = Debug;
		};
		9FF1DCBD1E3F13C200F013F2 /* Release */ = {
			isa = XCBuildConfiguration;
			buildSettings = {
				ALWAYS_SEARCH_USER_PATHS = NO;
				CLANG_ANALYZER_NONNULL = YES;
				CLANG_CXX_LANGUAGE_STANDARD = "gnu++0x";
				CLANG_CXX_LIBRARY = "libc++";
				CLANG_ENABLE_MODULES = YES;
				CLANG_ENABLE_OBJC_ARC = YES;
				CLANG_WARN_BOOL_CONVERSION = YES;
				CLANG_WARN_CONSTANT_CONVERSION = YES;
				CLANG_WARN_DIRECT_OBJC_ISA_USAGE = YES_ERROR;
				CLANG_WARN_DOCUMENTATION_COMMENTS = YES;
				CLANG_WARN_EMPTY_BODY = YES;
				CLANG_WARN_ENUM_CONVERSION = YES;
				CLANG_WARN_INFINITE_RECURSION = YES;
				CLANG_WARN_INT_CONVERSION = YES;
				CLANG_WARN_OBJC_ROOT_CLASS = YES_ERROR;
				CLANG_WARN_SUSPICIOUS_MOVE = YES;
				CLANG_WARN_UNREACHABLE_CODE = YES;
				CLANG_WARN__DUPLICATE_METHOD_MATCH = YES;
				CODE_SIGN_IDENTITY = "-";
				COPY_PHASE_STRIP = NO;
				DEBUG_INFORMATION_FORMAT = "dwarf-with-dsym";
				ENABLE_NS_ASSERTIONS = NO;
				ENABLE_STRICT_OBJC_MSGSEND = YES;
				GCC_C_LANGUAGE_STANDARD = gnu99;
				GCC_NO_COMMON_BLOCKS = YES;
				GCC_WARN_64_TO_32_BIT_CONVERSION = YES;
				GCC_WARN_ABOUT_RETURN_TYPE = YES_ERROR;
				GCC_WARN_UNDECLARED_SELECTOR = YES;
				GCC_WARN_UNINITIALIZED_AUTOS = YES_AGGRESSIVE;
				GCC_WARN_UNUSED_FUNCTION = YES;
				GCC_WARN_UNUSED_VARIABLE = YES;
				MACOSX_DEPLOYMENT_TARGET = 10.12;
				MTL_ENABLE_DEBUG_INFO = NO;
				SDKROOT = macosx;
			};
			name = Release;
		};
		9FF1DCBF1E3F13C200F013F2 /* Debug */ = {
			isa = XCBuildConfiguration;
			buildSettings = {
				INSTALL_PATH = ../test;
				PRODUCT_NAME = "$(TARGET_NAME)";
			};
			name = Debug;
		};
		9FF1DCC01E3F13C200F013F2 /* Release */ = {
			isa = XCBuildConfiguration;
			buildSettings = {
				INSTALL_PATH = ../test;
				PRODUCT_NAME = "$(TARGET_NAME)";
			};
			name = Release;
		};
/* End XCBuildConfiguration section */

/* Begin XCConfigurationList section */
		9FF1DCB21E3F13C200F013F2 /* Build configuration list for PBXProject "faspsolver" */ = {
			isa = XCConfigurationList;
			buildConfigurations = (
				9FF1DCBC1E3F13C200F013F2 /* Debug */,
				9FF1DCBD1E3F13C200F013F2 /* Release */,
			);
			defaultConfigurationIsVisible = 0;
			defaultConfigurationName = Release;
		};
		9FF1DCBE1E3F13C200F013F2 /* Build configuration list for PBXNativeTarget "faspsolver" */ = {
			isa = XCConfigurationList;
			buildConfigurations = (
				9FF1DCBF1E3F13C200F013F2 /* Debug */,
				9FF1DCC01E3F13C200F013F2 /* Release */,
			);
			defaultConfigurationIsVisible = 0;
			defaultConfigurationName = Release;
		};
/* End XCConfigurationList section */
	};
	rootObject = 9FF1DCAF1E3F13C200F013F2 /* Project object */;
}
