
Microsoft Visual Studio Solution File, Format Version 10.00
# Visual Studio 2008
Project("{EAF909A5-FA59-4C3D-9431-0FCC20D5BCF9}") = "regression", "regression\regression.icproj", "{4F7357A2-8EB3-4A6D-A07A-6E806FB239FA}"
	ProjectSection(ProjectDependencies) = postProject
		{9ED3A214-1BF9-4741-9AA2-B4B875947115} = {9ED3A214-1BF9-4741-9AA2-B4B875947115}
		{CF3FAF37-326E-4D42-BEF7-45F7CAFE7165} = {CF3FAF37-326E-4D42-BEF7-45F7CAFE7165}
		{ED358645-4065-4405-90DC-18F219970156} = {ED358645-4065-4405-90DC-18F219970156}
	EndProjectSection
EndProject
Project("{EAF909A5-FA59-4C3D-9431-0FCC20D5BCF9}") = "faspbase-c", "faspbase-c\faspbase-c.icproj", "{CF3FAF37-326E-4D42-BEF7-45F7CAFE7165}"
EndProject
Project("{6989167D-11E4-40FE-8C1A-2192A86A7E90}") = "faspbase-f", "faspbase-f\faspbase-f.vfproj", "{ED358645-4065-4405-90DC-18F219970156}"
EndProject
Project("{EAF909A5-FA59-4C3D-9431-0FCC20D5BCF9}") = "testlib", "testlib\testlib.icproj", "{9ED3A214-1BF9-4741-9AA2-B4B875947115}"
	ProjectSection(ProjectDependencies) = postProject
		{CF3FAF37-326E-4D42-BEF7-45F7CAFE7165} = {CF3FAF37-326E-4D42-BEF7-45F7CAFE7165}
		{ED358645-4065-4405-90DC-18F219970156} = {ED358645-4065-4405-90DC-18F219970156}
	EndProjectSection
EndProject
Project("{EAF909A5-FA59-4C3D-9431-0FCC20D5BCF9}") = "test", "test\test.icproj", "{13DBE460-40BE-44D5-B47C-43CE89850E4A}"
	ProjectSection(ProjectDependencies) = postProject
		{9ED3A214-1BF9-4741-9AA2-B4B875947115} = {9ED3A214-1BF9-4741-9AA2-B4B875947115}
		{CF3FAF37-326E-4D42-BEF7-45F7CAFE7165} = {CF3FAF37-326E-4D42-BEF7-45F7CAFE7165}
		{ED358645-4065-4405-90DC-18F219970156} = {ED358645-4065-4405-90DC-18F219970156}
	EndProjectSection
EndProject
Global
	GlobalSection(SolutionConfigurationPlatforms) = preSolution
		Debug|Win32 = Debug|Win32
		Debug|x64 = Debug|x64
		Release|Win32 = Release|Win32
		Release|x64 = Release|x64
	EndGlobalSection
	GlobalSection(ProjectConfigurationPlatforms) = postSolution
		{4F7357A2-8EB3-4A6D-A07A-6E806FB239FA}.Debug|Win32.ActiveCfg = Debug|Win32
		{4F7357A2-8EB3-4A6D-A07A-6E806FB239FA}.Debug|Win32.Build.0 = Debug|Win32
		{4F7357A2-8EB3-4A6D-A07A-6E806FB239FA}.Debug|x64.ActiveCfg = Debug|x64
		{4F7357A2-8EB3-4A6D-A07A-6E806FB239FA}.Debug|x64.Build.0 = Debug|x64
		{4F7357A2-8EB3-4A6D-A07A-6E806FB239FA}.Release|Win32.ActiveCfg = Release|Win32
		{4F7357A2-8EB3-4A6D-A07A-6E806FB239FA}.Release|Win32.Build.0 = Release|Win32
		{4F7357A2-8EB3-4A6D-A07A-6E806FB239FA}.Release|x64.ActiveCfg = Release|x64
		{4F7357A2-8EB3-4A6D-A07A-6E806FB239FA}.Release|x64.Build.0 = Release|x64
		{CF3FAF37-326E-4D42-BEF7-45F7CAFE7165}.Debug|Win32.ActiveCfg = Debug|Win32
		{CF3FAF37-326E-4D42-BEF7-45F7CAFE7165}.Debug|Win32.Build.0 = Debug|Win32
		{CF3FAF37-326E-4D42-BEF7-45F7CAFE7165}.Debug|x64.ActiveCfg = Debug|x64
		{CF3FAF37-326E-4D42-BEF7-45F7CAFE7165}.Debug|x64.Build.0 = Debug|x64
		{CF3FAF37-326E-4D42-BEF7-45F7CAFE7165}.Release|Win32.ActiveCfg = Release|Win32
		{CF3FAF37-326E-4D42-BEF7-45F7CAFE7165}.Release|Win32.Build.0 = Release|Win32
		{CF3FAF37-326E-4D42-BEF7-45F7CAFE7165}.Release|x64.ActiveCfg = Release|x64
		{CF3FAF37-326E-4D42-BEF7-45F7CAFE7165}.Release|x64.Build.0 = Release|x64
		{ED358645-4065-4405-90DC-18F219970156}.Debug|Win32.ActiveCfg = Debug|Win32
		{ED358645-4065-4405-90DC-18F219970156}.Debug|Win32.Build.0 = Debug|Win32
		{ED358645-4065-4405-90DC-18F219970156}.Debug|x64.ActiveCfg = Debug|x64
		{ED358645-4065-4405-90DC-18F219970156}.Debug|x64.Build.0 = Debug|x64
		{ED358645-4065-4405-90DC-18F219970156}.Release|Win32.ActiveCfg = Release|Win32
		{ED358645-4065-4405-90DC-18F219970156}.Release|Win32.Build.0 = Release|Win32
		{ED358645-4065-4405-90DC-18F219970156}.Release|x64.ActiveCfg = Release|x64
		{ED358645-4065-4405-90DC-18F219970156}.Release|x64.Build.0 = Release|x64
		{9ED3A214-1BF9-4741-9AA2-B4B875947115}.Debug|Win32.ActiveCfg = Debug|Win32
		{9ED3A214-1BF9-4741-9AA2-B4B875947115}.Debug|Win32.Build.0 = Debug|Win32
		{9ED3A214-1BF9-4741-9AA2-B4B875947115}.Debug|x64.ActiveCfg = Debug|x64
		{9ED3A214-1BF9-4741-9AA2-B4B875947115}.Debug|x64.Build.0 = Debug|x64
		{9ED3A214-1BF9-4741-9AA2-B4B875947115}.Release|Win32.ActiveCfg = Release|Win32
		{9ED3A214-1BF9-4741-9AA2-B4B875947115}.Release|Win32.Build.0 = Release|Win32
		{9ED3A214-1BF9-4741-9AA2-B4B875947115}.Release|x64.ActiveCfg = Release|x64
		{9ED3A214-1BF9-4741-9AA2-B4B875947115}.Release|x64.Build.0 = Release|x64
		{13DBE460-40BE-44D5-B47C-43CE89850E4A}.Debug|Win32.ActiveCfg = Debug|Win32
		{13DBE460-40BE-44D5-B47C-43CE89850E4A}.Debug|Win32.Build.0 = Debug|Win32
		{13DBE460-40BE-44D5-B47C-43CE89850E4A}.Debug|x64.ActiveCfg = Debug|x64
		{13DBE460-40BE-44D5-B47C-43CE89850E4A}.Debug|x64.Build.0 = Debug|x64
		{13DBE460-40BE-44D5-B47C-43CE89850E4A}.Release|Win32.ActiveCfg = Release|Win32
		{13DBE460-40BE-44D5-B47C-43CE89850E4A}.Release|Win32.Build.0 = Release|Win32
		{13DBE460-40BE-44D5-B47C-43CE89850E4A}.Release|x64.ActiveCfg = Release|x64
		{13DBE460-40BE-44D5-B47C-43CE89850E4A}.Release|x64.Build.0 = Release|x64
		{74ADA9F7-1B6D-49AF-B9A0-AA39538F86BD}.Debug|Win32.ActiveCfg = Debug|Win32
		{74ADA9F7-1B6D-49AF-B9A0-AA39538F86BD}.Debug|Win32.Build.0 = Debug|Win32
		{74ADA9F7-1B6D-49AF-B9A0-AA39538F86BD}.Debug|x64.ActiveCfg = Debug|Win32
		{74ADA9F7-1B6D-49AF-B9A0-AA39538F86BD}.Release|Win32.ActiveCfg = Release|Win32
		{74ADA9F7-1B6D-49AF-B9A0-AA39538F86BD}.Release|Win32.Build.0 = Release|Win32
		{74ADA9F7-1B6D-49AF-B9A0-AA39538F86BD}.Release|x64.ActiveCfg = Release|Win32
		{11E47EDC-A0F2-4D7F-A6CD-1C2477DF185B}.Debug|Win32.ActiveCfg = Debug|Win32
		{11E47EDC-A0F2-4D7F-A6CD-1C2477DF185B}.Debug|Win32.Build.0 = Debug|Win32
		{11E47EDC-A0F2-4D7F-A6CD-1C2477DF185B}.Debug|x64.ActiveCfg = Debug|Win32
		{11E47EDC-A0F2-4D7F-A6CD-1C2477DF185B}.Release|Win32.ActiveCfg = Release|Win32
		{11E47EDC-A0F2-4D7F-A6CD-1C2477DF185B}.Release|Win32.Build.0 = Release|Win32
		{11E47EDC-A0F2-4D7F-A6CD-1C2477DF185B}.Release|x64.ActiveCfg = Release|Win32
		{08DAEB62-2334-47B1-A7F3-7B998637A4C5}.Debug|Win32.ActiveCfg = Debug|Win32
		{08DAEB62-2334-47B1-A7F3-7B998637A4C5}.Debug|Win32.Build.0 = Debug|Win32
		{08DAEB62-2334-47B1-A7F3-7B998637A4C5}.Debug|x64.ActiveCfg = Debug|Win32
		{08DAEB62-2334-47B1-A7F3-7B998637A4C5}.Release|Win32.ActiveCfg = Release|Win32
		{08DAEB62-2334-47B1-A7F3-7B998637A4C5}.Release|Win32.Build.0 = Release|Win32
		{08DAEB62-2334-47B1-A7F3-7B998637A4C5}.Release|x64.ActiveCfg = Release|Win32
		{98175DEE-7B51-47CA-9BF1-36FE840420AD}.Debug|Win32.ActiveCfg = Debug|Win32
		{98175DEE-7B51-47CA-9BF1-36FE840420AD}.Debug|Win32.Build.0 = Debug|Win32
		{98175DEE-7B51-47CA-9BF1-36FE840420AD}.Debug|x64.ActiveCfg = Debug|Win32
		{98175DEE-7B51-47CA-9BF1-36FE840420AD}.Release|Win32.ActiveCfg = Release|Win32
		{98175DEE-7B51-47CA-9BF1-36FE840420AD}.Release|Win32.Build.0 = Release|Win32
		{98175DEE-7B51-47CA-9BF1-36FE840420AD}.Release|x64.ActiveCfg = Release|Win32
	EndGlobalSection
	GlobalSection(SolutionProperties) = preSolution
		HideSolutionNode = FALSE
	EndGlobalSection
EndGlobal
